
Microsoft Visual Studio Solution File, Format Version 12.00
# Visual Studio 2012
Project("{FAE04EC0-301F-11D3-BF4B-00C04F79EFBC}") = "DoanQLQuanCF", "DoanQLQuanCF\DoanQLQuanCF.csproj", "{A368FBB0-F58A-4968-A5B3-814EBF28797F}"
EndProject
Project("{FAE04EC0-301F-11D3-BF4B-00C04F79EFBC}") = "BLL", "BLL\BLL.csproj", "{8DF5D41D-AD32-454B-A5B7-91CCEDDB0269}"
EndProject
Global
	GlobalSection(SolutionConfigurationPlatforms) = preSolution
		Debug|Any CPU = Debug|Any CPU
		Release|Any CPU = Release|Any CPU
	EndGlobalSection
	GlobalSection(ProjectConfigurationPlatforms) = postSolution
		{A368FBB0-F58A-4968-A5B3-814EBF28797F}.Debug|Any CPU.ActiveCfg = Debug|Any CPU
		{A368FBB0-F58A-4968-A5B3-814EBF28797F}.Debug|Any CPU.Build.0 = Debug|Any CPU
		{A368FBB0-F58A-4968-A5B3-814EBF28797F}.Release|Any CPU.ActiveCfg = Release|Any CPU
		{A368FBB0-F58A-4968-A5B3-814EBF28797F}.Release|Any CPU.Build.0 = Release|Any CPU
		{8DF5D41D-AD32-454B-A5B7-91CCEDDB0269}.Debug|Any CPU.ActiveCfg = Debug|Any CPU
		{8DF5D41D-AD32-454B-A5B7-91CCEDDB0269}.Debug|Any CPU.Build.0 = Debug|Any CPU
		{8DF5D41D-AD32-454B-A5B7-91CCEDDB0269}.Release|Any CPU.ActiveCfg = Release|Any CPU
		{8DF5D41D-AD32-454B-A5B7-91CCEDDB0269}.Release|Any CPU.Build.0 = Release|Any CPU
	EndGlobalSection
	GlobalSection(SolutionProperties) = preSolution
		HideSolutionNode = FALSE
	EndGlobalSection
EndGlobal
